# THIS IS AN AUTOGENERATED FILE. DO NOT EDIT THIS FILE DIRECTLY.
# yarn lockfile v1


"@babel/code-frame@~7.27.1":
  version "7.27.1"
  resolved "https://registry.yarnpkg.com/@babel/code-frame/-/code-frame-7.27.1.tgz#200f715e66d52a23b221a9435534a91cc13ad5be"
  integrity sha512-cjQ7ZlQ0Mv3b47hABuTevyTuYN4i+loJKGeV9flcCgIK37cCXRh+L1bd3iBHlynerhQ7BhCkn2BPbQUL+rGqFg==
  dependencies:
    "@babel/helper-validator-identifier" "^7.27.1"
    js-tokens "^4.0.0"
    picocolors "^1.1.1"

"@babel/helper-validator-identifier@^7.27.1":
  version "7.28.5"
  resolved "https://registry.yarnpkg.com/@babel/helper-validator-identifier/-/helper-validator-identifier-7.28.5.tgz#010b6938fab7cb7df74aa2bbc06aa503b8fe5fb4"
  integrity sha512-qSs4ifwzKJSV39ucNjsvc6WVHs6b7S03sOh2OcHF9UHfVPqWWALUsNUVzhSBiItjRZoLHx7nIarVjqKVusUZ1Q==

"@boundaryml/baml-darwin-arm64@0.211.2":
  version "0.211.2"
  resolved "https://registry.yarnpkg.com/@boundaryml/baml-darwin-arm64/-/baml-darwin-arm64-0.211.2.tgz#e2100744ce043b9ac74e6758f6a991f45bbaf1ec"
  integrity sha512-qsKhObXmCrMR1s0dvLPV57We2WAMPoSc4qOT635zayjMgYIwSoUpumbJ4h6DsojFN9VEbcjtR4HNRcbzdzHZEA==

"@boundaryml/baml-darwin-x64@0.211.2":
  version "0.211.2"
  resolved "https://registry.yarnpkg.com/@boundaryml/baml-darwin-x64/-/baml-darwin-x64-0.211.2.tgz#87749c57ed1189331261762e7593a61dc6ca7dab"
  integrity sha512-Bj+AIhMsvtZs8msfxKIiCaOleL0cx40aZXTLPJYfYMHTOuKLveqqIO7yQlZM8ZchJ6zh39DqN9YntTxju8zzWA==

"@boundaryml/baml-linux-arm64-gnu@0.211.2":
  version "0.211.2"
  resolved "https://registry.yarnpkg.com/@boundaryml/baml-linux-arm64-gnu/-/baml-linux-arm64-gnu-0.211.2.tgz#0fb9cbeac361dbfd34b1e41775ba3a09f35528fe"
  integrity sha512-pqr1VH4vncdEMcnbDTyVg7wu34f1lDwxXbuGBCw7xwaFS2InGM3qefdtyVpzPU98IO20znr4mCs1OHaMVOdiVw==

"@boundaryml/baml-linux-arm64-musl@0.211.2":
  version "0.211.2"
  resolved "https://registry.yarnpkg.com/@boundaryml/baml-linux-arm64-musl/-/baml-linux-arm64-musl-0.211.2.tgz#f4a00a40caf9cc5ea201949a06275abe4a06dfc8"
  integrity sha512-nkTxst17qrGlZJmhZqsguT4yPRVOlQKbrq/b515Hn/vTqJTGuLmpSCB8Xc7gOqyIN7/ipwkNMISVlAlSU5yUIg==

"@boundaryml/baml-linux-x64-gnu@0.211.2":
  version "0.211.2"
  resolved "https://registry.yarnpkg.com/@boundaryml/baml-linux-x64-gnu/-/baml-linux-x64-gnu-0.211.2.tgz#790be4a5d453120eefa29b414f4a0d47ae0a6ce7"
  integrity sha512-efnZlvst1vT0iF0WdzwRc6sjnfhvlkHhnBu2uS1x0rdH0ABhkgVi57uclRuWsjHz/OQ1WBC0sFp17GDmlaabHQ==

"@boundaryml/baml-linux-x64-musl@0.211.2":
  version "0.211.2"
  resolved "https://registry.yarnpkg.com/@boundaryml/baml-linux-x64-musl/-/baml-linux-x64-musl-0.211.2.tgz#1f884a0595a93b9141b3360afe6aa870db420b76"
  integrity sha512-2FZp5Z9vVCMoquniwSAmrH64bHo/JmBm//jzlvo9vfcZbK7ca9zGwx0S/CG2HWGNQA5X5tesloY4yTjwZiy2dg==

"@boundaryml/baml-win32-x64-msvc@0.211.2":
  version "0.211.2"
  resolved "https://registry.yarnpkg.com/@boundaryml/baml-win32-x64-msvc/-/baml-win32-x64-msvc-0.211.2.tgz#8698e420754a1452c5b200e3e79e513b7e0fb475"
  integrity sha512-hWN03CKQMtUQYgsfMVl5VsFRaCl9FOWNtFRInZtm8N9a9KgV7aYoLXctaBkVgmuaz5RH46vVC1oht7YF1R0vWQ==

"@boundaryml/baml@^0.211.2":
  version "0.211.2"
  resolved "https://registry.yarnpkg.com/@boundaryml/baml/-/baml-0.211.2.tgz#3abeac266c81b6cb64894da0de572b0ff29667ef"
  integrity sha512-5uQBeqM2IFkYM49N/kXVsK/1wy3Rr8oA+XIMJZ+b/2we2f7lR9rxSVrT1fggIdoz/2Bwbbg1FcMkdJBwMNnGbg==
  dependencies:
    "@scarf/scarf" "^1.3.0"
  optionalDependencies:
    "@boundaryml/baml-darwin-arm64" "0.211.2"
    "@boundaryml/baml-darwin-x64" "0.211.2"
    "@boundaryml/baml-linux-arm64-gnu" "0.211.2"
    "@boundaryml/baml-linux-arm64-musl" "0.211.2"
    "@boundaryml/baml-linux-x64-gnu" "0.211.2"
    "@boundaryml/baml-linux-x64-musl" "0.211.2"
    "@boundaryml/baml-win32-x64-msvc" "0.211.2"

"@inquirer/ansi@^2.0.3":
  version "2.0.3"
  resolved "https://registry.yarnpkg.com/@inquirer/ansi/-/ansi-2.0.3.tgz#3c4c5b587894278996c2750db83d89fb547b796b"
  integrity sha512-g44zhR3NIKVs0zUesa4iMzExmZpLUdTLRMCStqX3GE5NT6VkPcxQGJ+uC8tDgBUC/vB1rUhUd55cOf++4NZcmw==

"@inquirer/checkbox@^5.0.4":
  version "5.0.4"
  resolved "https://registry.yarnpkg.com/@inquirer/checkbox/-/checkbox-5.0.4.tgz#813e8fd64c5f9ce064e4a6517a1fcc4524d2cf05"
  integrity sha512-DrAMU3YBGMUAp6ArwTIp/25CNDtDbxk7UjIrrtM25JVVrlVYlVzHh5HR1BDFu9JMyUoZ4ZanzeaHqNDttf3gVg==
  dependencies:
    "@inquirer/ansi" "^2.0.3"
    "@inquirer/core" "^11.1.1"
    "@inquirer/figures" "^2.0.3"
    "@inquirer/type" "^4.0.3"

"@inquirer/confirm@^6.0.4":
  version "6.0.4"
  resolved "https://registry.yarnpkg.com/@inquirer/confirm/-/confirm-6.0.4.tgz#548d63981f3bc189ee0773015fbe4625e7a204a0"
  integrity sha512-WdaPe7foUnoGYvXzH4jp4wH/3l+dBhZ3uwhKjXjwdrq5tEIFaANxj6zrGHxLdsIA0yKM0kFPVcEalOZXBB5ISA==
  dependencies:
    "@inquirer/core" "^11.1.1"
    "@inquirer/type" "^4.0.3"

"@inquirer/core@^11.1.1":
  version "11.1.1"
  resolved "https://registry.yarnpkg.com/@inquirer/core/-/core-11.1.1.tgz#7cf708b350f9e73b01ccb4b61ecf3016d3de1b0d"
  integrity sha512-hV9o15UxX46OyQAtaoMqAOxGR8RVl1aZtDx1jHbCtSJy1tBdTfKxLPKf7utsE4cRy4tcmCQ4+vdV+ca+oNxqNA==
  dependencies:
    "@inquirer/ansi" "^2.0.3"
    "@inquirer/figures" "^2.0.3"
    "@inquirer/type" "^4.0.3"
    cli-width "^4.1.0"
    mute-stream "^3.0.0"
    signal-exit "^4.1.0"
    wrap-ansi "^9.0.2"

"@inquirer/editor@^5.0.4":
  version "5.0.4"
  resolved "https://registry.yarnpkg.com/@inquirer/editor/-/editor-5.0.4.tgz#8dda8bc92ca5a7f7326b4508f8da90358fbedfc5"
  integrity sha512-QI3Jfqcv6UO2/VJaEFONH8Im1ll++Xn/AJTBn9Xf+qx2M+H8KZAdQ5sAe2vtYlo+mLW+d7JaMJB4qWtK4BG3pw==
  dependencies:
    "@inquirer/core" "^11.1.1"
    "@inquirer/external-editor" "^2.0.3"
    "@inquirer/type" "^4.0.3"

"@inquirer/expand@^5.0.4":
  version "5.0.4"
  resolved "https://registry.yarnpkg.com/@inquirer/expand/-/expand-5.0.4.tgz#72adbd795c451deb6e74d04d5da91e41a45372d3"
  integrity sha512-0I/16YwPPP0Co7a5MsomlZLpch48NzYfToyqYAOWtBmaXSB80RiNQ1J+0xx2eG+Wfxt0nHtpEWSRr6CzNVnOGg==
  dependencies:
    "@inquirer/core" "^11.1.1"
    "@inquirer/type" "^4.0.3"

"@inquirer/external-editor@^2.0.3":
  version "2.0.3"
  resolved "https://registry.yarnpkg.com/@inquirer/external-editor/-/external-editor-2.0.3.tgz#c9e84d8d6040968bee33232683b05642001a4731"
  integrity sha512-LgyI7Agbda74/cL5MvA88iDpvdXI2KuMBCGRkbCl2Dg1vzHeOgs+s0SDcXV7b+WZJrv2+ERpWSM65Fpi9VfY3w==
  dependencies:
    chardet "^2.1.1"
    iconv-lite "^0.7.2"

"@inquirer/figures@^2.0.3":
  version "2.0.3"
  resolved "https://registry.yarnpkg.com/@inquirer/figures/-/figures-2.0.3.tgz#9d0cd242fbdb4ed8f1f52836a977eb7071e6c512"
  integrity sha512-y09iGt3JKoOCBQ3w4YrSJdokcD8ciSlMIWsD+auPu+OZpfxLuyz+gICAQ6GCBOmJJt4KEQGHuZSVff2jiNOy7g==

"@inquirer/input@^5.0.4":
  version "5.0.4"
  resolved "https://registry.yarnpkg.com/@inquirer/input/-/input-5.0.4.tgz#56a839a27ed091972f0eb6be1ed6ede2f7f4223f"
  integrity sha512-4B3s3jvTREDFvXWit92Yc6jF1RJMDy2VpSqKtm4We2oVU65YOh2szY5/G14h4fHlyQdpUmazU5MPCFZPRJ0AOw==
  dependencies:
    "@inquirer/core" "^11.1.1"
    "@inquirer/type" "^4.0.3"

"@inquirer/number@^4.0.4":
  version "4.0.4"
  resolved "https://registry.yarnpkg.com/@inquirer/number/-/number-4.0.4.tgz#c0ea5cd3a3f5e15ea1e90d6144abfd338a07f4f7"
  integrity sha512-CmMp9LF5HwE+G/xWsC333TlCzYYbXMkcADkKzcawh49fg2a1ryLc7JL1NJYYt1lJ+8f4slikNjJM9TEL/AljYQ==
  dependencies:
    "@inquirer/core" "^11.1.1"
    "@inquirer/type" "^4.0.3"

"@inquirer/password@^5.0.4":
  version "5.0.4"
  resolved "https://registry.yarnpkg.com/@inquirer/password/-/password-5.0.4.tgz#d691b1e9f4cc323ffff94579db040c751140c4fa"
  integrity sha512-ZCEPyVYvHK4W4p2Gy6sTp9nqsdHQCfiPXIP9LbJVW4yCinnxL/dDDmPaEZVysGrj8vxVReRnpfS2fOeODe9zjg==
  dependencies:
    "@inquirer/ansi" "^2.0.3"
    "@inquirer/core" "^11.1.1"
    "@inquirer/type" "^4.0.3"

"@inquirer/prompts@^8.0.1":
  version "8.2.0"
  resolved "https://registry.yarnpkg.com/@inquirer/prompts/-/prompts-8.2.0.tgz#864494037fe3d456a829198a0563b17492b95a77"
  integrity sha512-rqTzOprAj55a27jctS3vhvDDJzYXsr33WXTjODgVOru21NvBo9yIgLIAf7SBdSV0WERVly3dR6TWyp7ZHkvKFA==
  dependencies:
    "@inquirer/checkbox" "^5.0.4"
    "@inquirer/confirm" "^6.0.4"
    "@inquirer/editor" "^5.0.4"
    "@inquirer/expand" "^5.0.4"
    "@inquirer/input" "^5.0.4"
    "@inquirer/number" "^4.0.4"
    "@inquirer/password" "^5.0.4"
    "@inquirer/rawlist" "^5.2.0"
    "@inquirer/search" "^4.1.0"
    "@inquirer/select" "^5.0.4"

"@inquirer/rawlist@^5.2.0":
  version "5.2.0"
  resolved "https://registry.yarnpkg.com/@inquirer/rawlist/-/rawlist-5.2.0.tgz#fee7d58867508781ff96483f5894bfdd551a1ec2"
  integrity sha512-CciqGoOUMrFo6HxvOtU5uL8fkjCmzyeB6fG7O1vdVAZVSopUBYECOwevDBlqNLyyYmzpm2Gsn/7nLrpruy9RFg==
  dependencies:
    "@inquirer/core" "^11.1.1"
    "@inquirer/type" "^4.0.3"

"@inquirer/search@^4.1.0":
  version "4.1.0"
  resolved "https://registry.yarnpkg.com/@inquirer/search/-/search-4.1.0.tgz#5e17b5787975b8b4df182ca969e525c01c98dc4f"
  integrity sha512-EAzemfiP4IFvIuWnrHpgZs9lAhWDA0GM3l9F4t4mTQ22IFtzfrk8xbkMLcAN7gmVML9O/i+Hzu8yOUyAaL6BKA==
  dependencies:
    "@inquirer/core" "^11.1.1"
    "@inquirer/figures" "^2.0.3"
    "@inquirer/type" "^4.0.3"

"@inquirer/select@^5.0.4":
  version "5.0.4"
  resolved "https://registry.yarnpkg.com/@inquirer/select/-/select-5.0.4.tgz#11249c7091946681d394f649b00844f8fda38d7a"
  integrity sha512-s8KoGpPYMEQ6WXc0dT9blX2NtIulMdLOO3LA1UKOiv7KFWzlJ6eLkEYTDBIi+JkyKXyn8t/CD6TinxGjyLt57g==
  dependencies:
    "@inquirer/ansi" "^2.0.3"
    "@inquirer/core" "^11.1.1"
    "@inquirer/figures" "^2.0.3"
    "@inquirer/type" "^4.0.3"

"@inquirer/type@^4.0.3":
  version "4.0.3"
  resolved "https://registry.yarnpkg.com/@inquirer/type/-/type-4.0.3.tgz#219b8c29afe366067f90705d156d1b395c9e2af0"
  integrity sha512-cKZN7qcXOpj1h+1eTTcGDVLaBIHNMT1Rz9JqJP5MnEJ0JhgVWllx7H/tahUp5YEK1qaByH2Itb8wLG/iScD5kw==

"@isaacs/fs-minipass@^4.0.0":
  version "4.0.1"
  resolved "https://registry.yarnpkg.com/@isaacs/fs-minipass/-/fs-minipass-4.0.1.tgz#2d59ae3ab4b38fb4270bfa23d30f8e2e86c7fe32"
  integrity sha512-wgm9Ehl2jpeqP3zw/7mo3kRHFp5MEDhqAdwy1fTGkHAwnkGOVsgpvQhL8B5n1qlb01jV3n/bI0ZfZp5lWA1k4w==
  dependencies:
    minipass "^7.0.4"

"@nodelib/fs.scandir@2.1.5":
  version "2.1.5"
  resolved "https://registry.yarnpkg.com/@nodelib/fs.scandir/-/fs.scandir-2.1.5.tgz#7619c2eb21b25483f6d167548b4cfd5a7488c3d5"
  integrity sha512-vq24Bq3ym5HEQm2NKCr3yXDwjc7vTsEThRDnkp2DK9p1uqLR+DHurm/NOTo0KG7HYHU7eppKZj3MyqYuMBf62g==
  dependencies:
    "@nodelib/fs.stat" "2.0.5"
    run-parallel "^1.1.9"

"@nodelib/fs.stat@2.0.5", "@nodelib/fs.stat@^2.0.2":
  version "2.0.5"
  resolved "https://registry.yarnpkg.com/@nodelib/fs.stat/-/fs.stat-2.0.5.tgz#5bd262af94e9d25bd1e71b05deed44876a222e8b"
  integrity sha512-RkhPPp2zrqDAQA/2jNhnztcPAlv64XdhIp7a7454A5ovI7Bukxgt7MX7udwAu3zg1DcpPU0rz3VV1SeaqvY4+A==

"@nodelib/fs.walk@^1.2.3":
  version "1.2.8"
  resolved "https://registry.yarnpkg.com/@nodelib/fs.walk/-/fs.walk-1.2.8.tgz#e95737e8bb6746ddedf69c556953494f196fe69a"
  integrity sha512-oGB+UxlgWcgQkgwo8GcEGwemoTFt3FIO9ababBmaGwXIoBKZ+GTy0pP185beGg7Llih/NSHSV2XAs1lnznocSg==
  dependencies:
    "@nodelib/fs.scandir" "2.1.5"
    fastq "^1.6.0"

"@scalar/helpers@0.2.6":
  version "0.2.6"
  resolved "https://registry.yarnpkg.com/@scalar/helpers/-/helpers-0.2.6.tgz#a83f892383a5144941871e916d6fca156520aa4d"
  integrity sha512-A471YFBCj7ZOlGIkAYnU8oYgeyts82ZNX+4UicrlmKv3eAQ+kwboN3Dy0R6u1lcA/+I/zzeXi/fBObsT7P9qTA==

"@scalar/helpers@0.2.7":
  version "0.2.7"
  resolved "https://registry.yarnpkg.com/@scalar/helpers/-/helpers-0.2.7.tgz#a2b5a6ab83a4d295384353c64e63069f35a5ec42"
  integrity sha512-uFTcdi3XYDDuaJLWiMuM3ijQit1OBw7AkuOuujReY8L9UmUQHY56erYg0+Db3llTsinuIYFh+eS/WX/sYuevYQ==

"@scalar/json-magic@0.9.0":
  version "0.9.0"
  resolved "https://registry.yarnpkg.com/@scalar/json-magic/-/json-magic-0.9.0.tgz#471f26dd6dc839e5c1595db003c2a3afaca7a14f"
  integrity sha512-aSWd8rd3O73Ak9Ylson2TywvOuTjjOYiXydl9Cn8Ip/r7fi+h0QqAGom5gqo/WewrhySF9v+H/sW/Qmd05T/Kg==
  dependencies:
    "@scalar/helpers" "0.2.7"
    yaml "^2.8.0"

"@scalar/json-magic@^0.8.2":
  version "0.8.10"
  resolved "https://registry.yarnpkg.com/@scalar/json-magic/-/json-magic-0.8.10.tgz#87fb8e1c44e375d166dc7c051fd3c34ede1555b1"
  integrity sha512-TWdKQ/hcy4erFQDp2MVlFoPesFep2VY96Q69cjLHmx5hxM0ZUBfmNB4lA8Uh3klgx5JmCDfSNIGjPFIpxlosUw==
  dependencies:
    "@scalar/helpers" "0.2.6"
    yaml "^2.8.0"

"@scalar/openapi-parser@^0.23.3":
  version "0.23.13"
  resolved "https://registry.yarnpkg.com/@scalar/openapi-parser/-/openapi-parser-0.23.13.tgz#96f9036a9414ac46c687858750de895145b548c1"
  integrity sha512-YsljPOKOgQgZL/kBcEouwz2CUa+2hFfThlUZRWC2DFI2Fnw5Ur8F1IvGgPqCAHr9p2XMH+Z/Pag2jZUfLcxcww==
  dependencies:
    "@scalar/json-magic" "0.9.0"
    "@scalar/openapi-types" "0.5.3"
    "@scalar/openapi-upgrader" "0.1.7"
    ajv "^8.17.1"
    ajv-draft-04 "^1.0.0"
    ajv-formats "^3.0.1"
    jsonpointer "^5.0.1"
    leven "^4.0.0"
    yaml "^2.8.0"

"@scalar/openapi-types@0.5.3", "@scalar/openapi-types@^0.5.0":
  version "0.5.3"
  resolved "https://registry.yarnpkg.com/@scalar/openapi-types/-/openapi-types-0.5.3.tgz#7f43a03a1e453418ecc568ca6464c2e396fa9e07"
  integrity sha512-m4n/Su3K01d15dmdWO1LlqecdSPKuNjuokrJLdiQ485kW/hRHbXW1QP6tJL75myhw/XhX5YhYAR+jrwnGjXiMw==
  dependencies:
    zod "^4.1.11"

"@scalar/openapi-upgrader@0.1.7":
  version "0.1.7"
  resolved "https://registry.yarnpkg.com/@scalar/openapi-upgrader/-/openapi-upgrader-0.1.7.tgz#77132ca64c06c0653e024bb89276739df2b2625a"
  integrity sha512-065froUtqvaHjyeJtyitf8tb+k7oh7nU0OinAHYbj1Bqgwb1s2+uKMqHYHEES5CNpp+2xtL4lxup6Aq29yW+sQ==
  dependencies:
    "@scalar/openapi-types" "0.5.3"

"@scarf/scarf@^1.3.0":
  version "1.4.0"
  resolved "https://registry.yarnpkg.com/@scarf/scarf/-/scarf-1.4.0.tgz#3bbb984085dbd6d982494538b523be1ce6562972"
  integrity sha512-xxeapPiUXdZAE3che6f3xogoJPeZgig6omHEy1rIY5WVsB3H2BHNnZH+gHG6x91SCWyQCzWGsuL2Hh3ClO5/qQ==

"@sindresorhus/merge-streams@^4.0.0":
  version "4.0.0"
  resolved "https://registry.yarnpkg.com/@sindresorhus/merge-streams/-/merge-streams-4.0.0.tgz#abb11d99aeb6d27f1b563c38147a72d50058e339"
  integrity sha512-tlqY9xq5ukxTUZBmoOp+m61cqwQD5pHJtFY3Mn8CA8ps6yghLH/Hw8UPdqg4OLmFW3IFlcXnQNmo/dh8HzXYIQ==

"@typespec/asset-emitter@^0.78.0":
  version "0.78.0"
  resolved "https://registry.yarnpkg.com/@typespec/asset-emitter/-/asset-emitter-0.78.0.tgz#7ccac00435813af846a8b8ed1394bd8aed775569"
  integrity sha512-TA9MzNI+SJEYKNWdbSsWXhjnVOL+2VvsBqzExXKQmoN6zxu3dAImqrMG/oTA6FS4pbCU4vmWgLUiOmikvjm22Q==

"@typespec/compiler@1.8.0":
  version "1.8.0"
  resolved "https://registry.yarnpkg.com/@typespec/compiler/-/compiler-1.8.0.tgz#7e70fda00849b65ef1ad8dc204b81db064bd37f9"
  integrity sha512-FeLb7Q0z6Bh5dDpqtnU2RlWiIWWWF7rujx2xGMta5dcTuIOZ4jbdyz1hVdxk4iM4qadvaSV4ey/qrSuffNoh3w==
  dependencies:
    "@babel/code-frame" "~7.27.1"
    "@inquirer/prompts" "^8.0.1"
    ajv "~8.17.1"
    change-case "~5.4.4"
    env-paths "^3.0.0"
    globby "~16.0.0"
    is-unicode-supported "^2.1.0"
    mustache "~4.2.0"
    picocolors "~1.1.1"
    prettier "~3.7.4"
    semver "^7.7.1"
    tar "^7.5.2"
    temporal-polyfill "^0.3.0"
    vscode-languageserver "~9.0.1"
    vscode-languageserver-textdocument "~1.0.12"
    yaml "~2.8.2"
    yargs "~18.0.0"

"@typespec/http@1.8.0":
  version "1.8.0"
  resolved "https://registry.yarnpkg.com/@typespec/http/-/http-1.8.0.tgz#c89da9bba7451ad65b6ea48fffe5f35e5e38ebe1"
  integrity sha512-ZKa4RISabwL8cUAmE3BkoNmtCYRjerO0+1Ba6XdDJKG+vJC5EGM2hkDf+ZmYsYZgrX0cvbhPXUKKh28zBV60hw==

"@typespec/json-schema@1.8.0":
  version "1.8.0"
  resolved "https://registry.yarnpkg.com/@typespec/json-schema/-/json-schema-1.8.0.tgz#849a7b0bd5fb18b54403373c4d299c057e5d2ef6"
  integrity sha512-FEcU2A/POu+cMuJE0mZrzGL/6ONUlbuOWbZZK2NSUfcMCpN0kHtKwEwui3fw3KaSIUqOaAJX9vE8vE47CT3bAA==
  dependencies:
    "@typespec/asset-emitter" "^0.78.0"
    yaml "~2.8.2"

"@typespec/openapi3@1.8.0":
  version "1.8.0"
  resolved "https://registry.yarnpkg.com/@typespec/openapi3/-/openapi3-1.8.0.tgz#f7194aa30269d6e65051da470fee8e2c22b564f0"
  integrity sha512-lmFJZEHjx20iTZqGaVJytlNjpPsPpXZGRs/ur8X0nx1vRcXtfM9IemZ0Chi6hWgo+AFq91lex9nocJEUn+uMMw==
  dependencies:
    "@scalar/json-magic" "^0.8.2"
    "@scalar/openapi-parser" "^0.23.3"
    "@scalar/openapi-types" "^0.5.0"
    "@typespec/asset-emitter" "^0.78.0"
    yaml "~2.8.2"

"@typespec/openapi@1.8.0":
  version "1.8.0"
  resolved "https://registry.yarnpkg.com/@typespec/openapi/-/openapi-1.8.0.tgz#f970b4e4cf9437373496406731bb7a3b730f37f5"
  integrity sha512-v+RIJpx7vALBSGQmnUWemvXjnrk50HAVqJeg0RbaF3VUnh66Z4itsoNJJmIIc+HmBJng8Ie0V7xv3l02ek6HWA==

"@typespec/rest@0.78.0":
  version "0.78.0"
  resolved "https://registry.yarnpkg.com/@typespec/rest/-/rest-0.78.0.tgz#09a8e7b3069ffda4c068b9dbc9572a868b653f54"
  integrity sha512-1clnDw1JbBvjLcfFvEvHdIrnsQuQI5/Cl6mRIrzWWX0pKJ+R89rCdZD1KpidEXw4B4qscD48LsssyrEIFLtuPg==

ajv-draft-04@^1.0.0:
  version "1.0.0"
  resolved "https://registry.yarnpkg.com/ajv-draft-04/-/ajv-draft-04-1.0.0.tgz#3b64761b268ba0b9e668f0b41ba53fce0ad77fc8"
  integrity sha512-mv00Te6nmYbRp5DCwclxtt7yV/joXJPGS7nM+97GdxvuttCOfgI3K4U25zboyeX0O+myI8ERluxQe5wljMmVIw==

ajv-formats@^3.0.1:
  version "3.0.1"
  resolved "https://registry.yarnpkg.com/ajv-formats/-/ajv-formats-3.0.1.tgz#3d5dc762bca17679c3c2ea7e90ad6b7532309578"
  integrity sha512-8iUql50EUR+uUcdRQ3HDqa6EVyo3docL8g5WJ3FNcWmu62IbkGUue/pEyLBW8VGKKucTPgqeks4fIU1DA4yowQ==
  dependencies:
    ajv "^8.0.0"

ajv@^8.0.0, ajv@^8.17.1, ajv@~8.17.1:
  version "8.17.1"
  resolved "https://registry.yarnpkg.com/ajv/-/ajv-8.17.1.tgz#37d9a5c776af6bc92d7f4f9510eba4c0a60d11a6"
  integrity sha512-B/gBuNg5SiMTrPkC+A2+cW0RszwxYmn6VYxB/inlBStS5nx6xHIt/ehKRhIMhqusl7a8LjQoZnjCs5vhwxOQ1g==
  dependencies:
    fast-deep-equal "^3.1.3"
    fast-uri "^3.0.1"
    json-schema-traverse "^1.0.0"
    require-from-string "^2.0.2"

ansi-regex@^5.0.1:
  version "5.0.1"
  resolved "https://registry.yarnpkg.com/ansi-regex/-/ansi-regex-5.0.1.tgz#082cb2c89c9fe8659a311a53bd6a4dc5301db304"
  integrity sha512-quJQXlTSUGL2LH9SUXo8VwsY4soanhgo6LNSm84E1LBcE8s3O0wpdiRzyR9z/ZZJMlMWv37qOOb9pdJlMUEKFQ==

ansi-regex@^6.0.1:
  version "6.2.2"
  resolved "https://registry.yarnpkg.com/ansi-regex/-/ansi-regex-6.2.2.tgz#60216eea464d864597ce2832000738a0589650c1"
  integrity sha512-Bq3SmSpyFHaWjPk8If9yc6svM8c56dB5BAtW4Qbw5jHTwwXXcTLoRMkpDJp6VL0XzlWaCHTXrkFURMYmD0sLqg==

ansi-styles@^6.2.1:
  version "6.2.3"
  resolved "https://registry.yarnpkg.com/ansi-styles/-/ansi-styles-6.2.3.tgz#c044d5dcc521a076413472597a1acb1f103c4041"
  integrity sha512-4Dj6M28JB+oAH8kFkTLUo+a2jwOFkuqb3yucU0CANcRRUbxS0cP0nZYCGjcc3BNXwRIsUVmDGgzawme7zvJHvg==

braces@^3.0.3:
  version "3.0.3"
  resolved "https://registry.yarnpkg.com/braces/-/braces-3.0.3.tgz#490332f40919452272d55a8480adc0c441358789"
  integrity sha512-yQbXgO/OSZVD2IsiLlro+7Hf6Q18EJrKSEsdoMzKePKXct3gvD8oLcOQdIzGupr5Fj+EDe8gO/lxc1BzfMpxvA==
  dependencies:
    fill-range "^7.1.1"

change-case@~5.4.4:
  version "5.4.4"
  resolved "https://registry.yarnpkg.com/change-case/-/change-case-5.4.4.tgz#0d52b507d8fb8f204343432381d1a6d7bff97a02"
  integrity sha512-HRQyTk2/YPEkt9TnUPbOpr64Uw3KOicFWPVBb+xiHvd6eBx/qPr9xqfBFDT8P2vWsvvz4jbEkfDe71W3VyNu2w==

chardet@^2.1.1:
  version "2.1.1"
  resolved "https://registry.yarnpkg.com/chardet/-/chardet-2.1.1.tgz#5c75593704a642f71ee53717df234031e65373c8"
  integrity sha512-PsezH1rqdV9VvyNhxxOW32/d75r01NY7TQCmOqomRo15ZSOKbpTFVsfjghxo6JloQUCGnH4k1LGu0R4yCLlWQQ==

chownr@^3.0.0:
  version "3.0.0"
  resolved "https://registry.yarnpkg.com/chownr/-/chownr-3.0.0.tgz#9855e64ecd240a9cc4267ce8a4aa5d24a1da15e4"
  integrity sha512-+IxzY9BZOQd/XuYPRmrvEVjF/nqj5kgT4kEq7VofrDoM1MxoRjEWkrCC3EtLi59TVawxTAn+orJwFQcrqEN1+g==

cli-progress@^3.12.0:
  version "3.12.0"
  resolved "https://registry.yarnpkg.com/cli-progress/-/cli-progress-3.12.0.tgz#807ee14b66bcc086258e444ad0f19e7d42577942"
  integrity sha512-tRkV3HJ1ASwm19THiiLIXLO7Im7wlTuKnvkYaTkyoAPefqjNg7W7DHKUlGRxy9vxDvbyCYQkQozvptuMkGCg8A==
  dependencies:
    string-width "^4.2.3"

cli-width@^4.1.0:
  version "4.1.0"
  resolved "https://registry.yarnpkg.com/cli-width/-/cli-width-4.1.0.tgz#42daac41d3c254ef38ad8ac037672130173691c5"
  integrity sha512-ouuZd4/dm2Sw5Gmqy6bGyNNNe1qt9RpmxveLSO7KcgsTnU7RXfsw+/bukWGo1abgBiMAic068rclZsO4IWmmxQ==

cliui@^9.0.1:
  version "9.0.1"
  resolved "https://registry.yarnpkg.com/cliui/-/cliui-9.0.1.tgz#6f7890f386f6f1f79953adc1f78dec46fcc2d291"
  integrity sha512-k7ndgKhwoQveBL+/1tqGJYNz097I7WOvwbmmU2AR5+magtbjPWQTS1C5vzGkBC8Ym8UWRzfKUzUUqFLypY4Q+w==
  dependencies:
    string-width "^7.2.0"
    strip-ansi "^7.1.0"
    wrap-ansi "^9.0.0"

emoji-regex@^10.3.0:
  version "10.6.0"
  resolved "https://registry.yarnpkg.com/emoji-regex/-/emoji-regex-10.6.0.tgz#bf3d6e8f7f8fd22a65d9703475bc0147357a6b0d"
  integrity sha512-toUI84YS5YmxW219erniWD0CIVOo46xGKColeNQRgOzDorgBi1v4D71/OFzgD9GO2UGKIv1C3Sp8DAn0+j5w7A==

emoji-regex@^8.0.0:
  version "8.0.0"
  resolved "https://registry.yarnpkg.com/emoji-regex/-/emoji-regex-8.0.0.tgz#e818fd69ce5ccfcb404594f842963bf53164cc37"
  integrity sha512-MSjYzcWNOA0ewAHpz0MxpYFvwg6yjy1NG3xteoqz644VCo/RPgnr1/GGt+ic3iJTzQ8Eu3TdM14SawnVUmGE6A==

env-paths@^3.0.0:
  version "3.0.0"
  resolved "https://registry.yarnpkg.com/env-paths/-/env-paths-3.0.0.tgz#2f1e89c2f6dbd3408e1b1711dd82d62e317f58da"
  integrity sha512-dtJUTepzMW3Lm/NPxRf3wP4642UWhjL2sQxc+ym2YMj1m/H2zDNQOlezafzkHwn6sMstjHTwG6iQQsctDW/b1A==

escalade@^3.1.1:
  version "3.2.0"
  resolved "https://registry.yarnpkg.com/escalade/-/escalade-3.2.0.tgz#011a3f69856ba189dffa7dc8fcce99d2a87903e5"
  integrity sha512-WUj2qlxaQtO4g6Pq5c29GTcWGDyd8itL8zTlipgECz3JesAiiOKotd8JU6otB3PACgG6xkJUyVhboMS+bje/jA==

fast-deep-equal@^3.1.3:
  version "3.1.3"
  resolved "https://registry.yarnpkg.com/fast-deep-equal/-/fast-deep-equal-3.1.3.tgz#3a7d56b559d6cbc3eb512325244e619a65c6c525"
  integrity sha512-f3qQ9oQy9j2AhBe/H9VC91wLmKBCCU/gDOnKNAYG5hswO7BLKj09Hc5HYNz9cGI++xlpDCIgDaitVs03ATR84Q==

fast-glob@^3.3.3:
  version "3.3.3"
  resolved "https://registry.yarnpkg.com/fast-glob/-/fast-glob-3.3.3.tgz#d06d585ce8dba90a16b0505c543c3ccfb3aeb818"
  integrity sha512-7MptL8U0cqcFdzIzwOTHoilX9x5BrNqye7Z/LuC7kCMRio1EMSyqRK3BEAUD7sXRq4iT4AzTVuZdhgQ2TCvYLg==
  dependencies:
    "@nodelib/fs.stat" "^2.0.2"
    "@nodelib/fs.walk" "^1.2.3"
    glob-parent "^5.1.2"
    merge2 "^1.3.0"
    micromatch "^4.0.8"

fast-uri@^3.0.1:
  version "3.1.0"
  resolved "https://registry.yarnpkg.com/fast-uri/-/fast-uri-3.1.0.tgz#66eecff6c764c0df9b762e62ca7edcfb53b4edfa"
  integrity sha512-iPeeDKJSWf4IEOasVVrknXpaBV0IApz/gp7S2bb7Z4Lljbl2MGJRqInZiUrQwV16cpzw/D3S5j5Julj/gT52AA==

fastq@^1.6.0:
  version "1.20.1"
  resolved "https://registry.yarnpkg.com/fastq/-/fastq-1.20.1.tgz#ca750a10dc925bc8b18839fd203e3ef4b3ced675"
  integrity sha512-GGToxJ/w1x32s/D2EKND7kTil4n8OVk/9mycTc4VDza13lOvpUZTGX3mFSCtV9ksdGBVzvsyAVLM6mHFThxXxw==
  dependencies:
    reusify "^1.0.4"

fern-api@^3.47.8:
  version "3.47.8"
  resolved "https://registry.yarnpkg.com/fern-api/-/fern-api-3.47.8.tgz#8038fc0614c9fe41ff0d701903c752b424070a6c"
  integrity sha512-nPO0szGFr7mvAlagKVpbsHhKpVO5n3YxyEcyy+O3gClXZXi6Fjrzfa/7uoSTBdKH+W2eFZyu2Y0iCoY3bXiZbA==
  dependencies:
    "@boundaryml/baml" "^0.211.2"
    cli-progress "^3.12.0"

fill-range@^7.1.1:
  version "7.1.1"
  resolved "https://registry.yarnpkg.com/fill-range/-/fill-range-7.1.1.tgz#44265d3cac07e3ea7dc247516380643754a05292"
  integrity sha512-YsGpe3WHLK8ZYi4tWDg2Jy3ebRz2rXowDxnld4bkQB00cc/1Zw9AWnC0i9ztDJitivtQvaI9KaLyKrc+hBW0yg==
  dependencies:
    to-regex-range "^5.0.1"

get-caller-file@^2.0.5:
  version "2.0.5"
  resolved "https://registry.yarnpkg.com/get-caller-file/-/get-caller-file-2.0.5.tgz#4f94412a82db32f36e3b0b9741f8a97feb031f7e"
  integrity sha512-DyFP3BM/3YHTQOCUL/w0OZHR0lpKeGrxotcHWcqNEdnltqFwXVfhEBQ94eIo34AfQpo0rGki4cyIiftY06h2Fg==

get-east-asian-width@^1.0.0:
  version "1.4.0"
  resolved "https://registry.yarnpkg.com/get-east-asian-width/-/get-east-asian-width-1.4.0.tgz#9bc4caa131702b4b61729cb7e42735bc550c9ee6"
  integrity sha512-QZjmEOC+IT1uk6Rx0sX22V6uHWVwbdbxf1faPqJ1QhLdGgsRGCZoyaQBm/piRdJy/D2um6hM1UP7ZEeQ4EkP+Q==

glob-parent@^5.1.2:
  version "5.1.2"
  resolved "https://registry.yarnpkg.com/glob-parent/-/glob-parent-5.1.2.tgz#869832c58034fe68a4093c17dc15e8340d8401c4"
  integrity sha512-AOIgSQCepiJYwP3ARnGx+5VnTu2HBYdzbGP45eLw1vr3zB3vZLeyed1sC9hnbcOc9/SrMyM5RPQrkGz4aS9Zow==
  dependencies:
    is-glob "^4.0.1"

globby@~16.0.0:
  version "16.0.0"
  resolved "https://registry.yarnpkg.com/globby/-/globby-16.0.0.tgz#45a133d4e70fcfdd6e33b3166d490c99c9298f5a"
  integrity sha512-ejy4TJFga99yW6Q0uhM3pFawKWZmtZzZD/v/GwI5+9bCV5Ew+D2pSND6W7fUes5UykqSsJkUfxFVdRh7Q1+P3Q==
  dependencies:
    "@sindresorhus/merge-streams" "^4.0.0"
    fast-glob "^3.3.3"
    ignore "^7.0.5"
    is-path-inside "^4.0.0"
    slash "^5.1.0"
    unicorn-magic "^0.4.0"

iconv-lite@^0.7.2:
  version "0.7.2"
  resolved "https://registry.yarnpkg.com/iconv-lite/-/iconv-lite-0.7.2.tgz#d0bdeac3f12b4835b7359c2ad89c422a4d1cc72e"
  integrity sha512-im9DjEDQ55s9fL4EYzOAv0yMqmMBSZp6G0VvFyTMPKWxiSBHUj9NW/qqLmXUwXrrM7AvqSlTCfvqRb0cM8yYqw==
  dependencies:
    safer-buffer ">= 2.1.2 < 3.0.0"

ignore@^7.0.5:
  version "7.0.5"
  resolved "https://registry.yarnpkg.com/ignore/-/ignore-7.0.5.tgz#4cb5f6cd7d4c7ab0365738c7aea888baa6d7efd9"
  integrity sha512-Hs59xBNfUIunMFgWAbGX5cq6893IbWg4KnrjbYwX3tx0ztorVgTDA6B2sxf8ejHJ4wz8BqGUMYlnzNBer5NvGg==

is-extglob@^2.1.1:
  version "2.1.1"
  resolved "https://registry.yarnpkg.com/is-extglob/-/is-extglob-2.1.1.tgz#a88c02535791f02ed37c76a1b9ea9773c833f8c2"
  integrity sha512-SbKbANkN603Vi4jEZv49LeVJMn4yGwsbzZworEoyEiutsN3nJYdbO36zfhGJ6QEDpOZIFkDtnq5JRxmvl3jsoQ==

is-fullwidth-code-point@^3.0.0:
  version "3.0.0"
  resolved "https://registry.yarnpkg.com/is-fullwidth-code-point/-/is-fullwidth-code-point-3.0.0.tgz#f116f8064fe90b3f7844a38997c0b75051269f1d"
  integrity sha512-zymm5+u+sCsSWyD9qNaejV3DFvhCKclKdizYaJUuHA83RLjb7nSuGnddCHGv0hk+KY7BMAlsWeK4Ueg6EV6XQg==

is-glob@^4.0.1:
  version "4.0.3"
  resolved "https://registry.yarnpkg.com/is-glob/-/is-glob-4.0.3.tgz#64f61e42cbbb2eec2071a9dac0b28ba1e65d5084"
  integrity sha512-xelSayHH36ZgE7ZWhli7pW34hNbNl8Ojv5KVmkJD4hBdD3th8Tfk9vYasLM+mXWOZhFkgZfxhLSnrwRr4elSSg==
  dependencies:
    is-extglob "^2.1.1"

is-number@^7.0.0:
  version "7.0.0"
  resolved "https://registry.yarnpkg.com/is-number/-/is-number-7.0.0.tgz#7535345b896734d5f80c4d06c50955527a14f12b"
  integrity sha512-41Cifkg6e8TylSpdtTpeLVMqvSBEVzTttHvERD741+pnZ8ANv0004MRL43QKPDlK9cGvNp6NZWZUBlbGXYxxng==

is-path-inside@^4.0.0:
  version "4.0.0"
  resolved "https://registry.yarnpkg.com/is-path-inside/-/is-path-inside-4.0.0.tgz#805aeb62c47c1b12fc3fd13bfb3ed1e7430071db"
  integrity sha512-lJJV/5dYS+RcL8uQdBDW9c9uWFLLBNRyFhnAKXw5tVqLlKZ4RMGZKv+YQ/IA3OhD+RpbJa1LLFM1FQPGyIXvOA==

is-unicode-supported@^2.1.0:
  version "2.1.0"
  resolved "https://registry.yarnpkg.com/is-unicode-supported/-/is-unicode-supported-2.1.0.tgz#09f0ab0de6d3744d48d265ebb98f65d11f2a9b3a"
  integrity sha512-mE00Gnza5EEB3Ds0HfMyllZzbBrmLOX3vfWoj9A9PEnTfratQ/BcaJOuMhnkhjXvb2+FkY3VuHqtAGpTPmglFQ==

js-tokens@^4.0.0:
  version "4.0.0"
  resolved "https://registry.yarnpkg.com/js-tokens/-/js-tokens-4.0.0.tgz#19203fb59991df98e3a287050d4647cdeaf32499"
  integrity sha512-RdJUflcE3cUzKiMqQgsCu06FPu9UdIJO0beYbPhHN4k6apgJtifcoCtT9bcxOpYBtpD2kCM6Sbzg4CausW/PKQ==

json-schema-traverse@^1.0.0:
  version "1.0.0"
  resolved "https://registry.yarnpkg.com/json-schema-traverse/-/json-schema-traverse-1.0.0.tgz#ae7bcb3656ab77a73ba5c49bf654f38e6b6860e2"
  integrity sha512-NM8/P9n3XjXhIZn1lLhkFaACTOURQXjWhV4BA/RnOv8xvgqtqpAX9IO4mRQxSx1Rlo4tqzeqb0sOlruaOy3dug==

jsonpointer@^5.0.1:
  version "5.0.1"
  resolved "https://registry.yarnpkg.com/jsonpointer/-/jsonpointer-5.0.1.tgz#2110e0af0900fd37467b5907ecd13a7884a1b559"
  integrity sha512-p/nXbhSEcu3pZRdkW1OfJhpsVtW1gd4Wa1fnQc9YLiTfAjn0312eMKimbdIQzuZl9aa9xUGaRlP9T/CJE/ditQ==

leven@^4.0.0:
  version "4.1.0"
  resolved "https://registry.yarnpkg.com/leven/-/leven-4.1.0.tgz#1e37150e1711d18bb14e380a5c779995235a710e"
  integrity sha512-KZ9W9nWDT7rF7Dazg8xyLHGLrmpgq2nVNFUckhqdW3szVP6YhCpp/RAnpmVExA9JvrMynjwSLVrEj3AepHR6ew==

merge2@^1.3.0:
  version "1.4.1"
  resolved "https://registry.yarnpkg.com/merge2/-/merge2-1.4.1.tgz#4368892f885e907455a6fd7dc55c0c9d404990ae"
  integrity sha512-8q7VEgMJW4J8tcfVPy8g09NcQwZdbwFEqhe/WZkoIzjn/3TGDwtOCYtXGxA3O8tPzpczCCDgv+P2P5y00ZJOOg==

micromatch@^4.0.8:
  version "4.0.8"
  resolved "https://registry.yarnpkg.com/micromatch/-/micromatch-4.0.8.tgz#d66fa18f3a47076789320b9b1af32bd86d9fa202"
  integrity sha512-PXwfBhYu0hBCPw8Dn0E+WDYb7af3dSLVWKi3HGv84IdF4TyFoC0ysxFd0Goxw7nSv4T/PzEJQxsYsEiFCKo2BA==
  dependencies:
    braces "^3.0.3"
    picomatch "^2.3.1"

minipass@^7.0.4, minipass@^7.1.2:
  version "7.1.2"
  resolved "https://registry.yarnpkg.com/minipass/-/minipass-7.1.2.tgz#93a9626ce5e5e66bd4db86849e7515e92340a707"
  integrity sha512-qOOzS1cBTWYF4BH8fVePDBOO9iptMnGUEZwNc/cMWnTV2nVLZ7VoNWEPHkYczZA0pdoA7dl6e7FL659nX9S2aw==

minizlib@^3.1.0:
  version "3.1.0"
  resolved "https://registry.yarnpkg.com/minizlib/-/minizlib-3.1.0.tgz#6ad76c3a8f10227c9b51d1c9ac8e30b27f5a251c"
  integrity sha512-KZxYo1BUkWD2TVFLr0MQoM8vUUigWD3LlD83a/75BqC+4qE0Hb1Vo5v1FgcfaNXvfXzr+5EhQ6ing/CaBijTlw==
  dependencies:
    minipass "^7.1.2"

mustache@~4.2.0:
  version "4.2.0"
  resolved "https://registry.yarnpkg.com/mustache/-/mustache-4.2.0.tgz#e5892324d60a12ec9c2a73359edca52972bf6f64"
  integrity sha512-71ippSywq5Yb7/tVYyGbkBggbU8H3u5Rz56fH60jGFgr8uHwxs+aSKeqmluIVzM0m0kB7xQjKS6qPfd0b2ZoqQ==

mute-stream@^3.0.0:
  version "3.0.0"
  resolved "https://registry.yarnpkg.com/mute-stream/-/mute-stream-3.0.0.tgz#cd8014dd2acb72e1e91bb67c74f0019e620ba2d1"
  integrity sha512-dkEJPVvun4FryqBmZ5KhDo0K9iDXAwn08tMLDinNdRBNPcYEDiWYysLcc6k3mjTMlbP9KyylvRpd4wFtwrT9rw==

picocolors@^1.1.1, picocolors@~1.1.1:
  version "1.1.1"
  resolved "https://registry.yarnpkg.com/picocolors/-/picocolors-1.1.1.tgz#3d321af3eab939b083c8f929a1d12cda81c26b6b"
  integrity sha512-xceH2snhtb5M9liqDsmEw56le376mTZkEX/jEb/RxNFyegNul7eNslCXP9FDj/Lcu0X8KEyMceP2ntpaHrDEVA==

picomatch@^2.3.1:
  version "2.3.1"
  resolved "https://registry.yarnpkg.com/picomatch/-/picomatch-2.3.1.tgz#3ba3833733646d9d3e4995946c1365a67fb07a42"
  integrity sha512-JU3teHTNjmE2VCGFzuY8EXzCDVwEqB2a8fsIvwaStHhAWJEeVd1o1QD80CU6+ZdEXXSLbSsuLwJjkCBWqRQUVA==

prettier@~3.7.4:
  version "3.7.4"
  resolved "https://registry.yarnpkg.com/prettier/-/prettier-3.7.4.tgz#d2f8335d4b1cec47e1c8098645411b0c9dff9c0f"
  integrity sha512-v6UNi1+3hSlVvv8fSaoUbggEM5VErKmmpGA7Pl3HF8V6uKY7rvClBOJlH6yNwQtfTueNkGVpOv/mtWL9L4bgRA==

queue-microtask@^1.2.2:
  version "1.2.3"
  resolved "https://registry.yarnpkg.com/queue-microtask/-/queue-microtask-1.2.3.tgz#4929228bbc724dfac43e0efb058caf7b6cfb6243"
  integrity sha512-NuaNSa6flKT5JaSYQzJok04JzTL1CA6aGhv5rfLW3PgqA+M2ChpZQnAC8h8i4ZFkBS8X5RqkDBHA7r4hej3K9A==

require-from-string@^2.0.2:
  version "2.0.2"
  resolved "https://registry.yarnpkg.com/require-from-string/-/require-from-string-2.0.2.tgz#89a7fdd938261267318eafe14f9c32e598c36909"
  integrity sha512-Xf0nWe6RseziFMu+Ap9biiUbmplq6S9/p+7w7YXP/JBHhrUDDUhwa+vANyubuqfZWTveU//DYVGsDG7RKL/vEw==

reusify@^1.0.4:
  version "1.1.0"
  resolved "https://registry.yarnpkg.com/reusify/-/reusify-1.1.0.tgz#0fe13b9522e1473f51b558ee796e08f11f9b489f"
  integrity sha512-g6QUff04oZpHs0eG5p83rFLhHeV00ug/Yf9nZM6fLeUrPguBTkTQOdpAWWspMh55TZfVQDPaN3NQJfbVRAxdIw==

run-parallel@^1.1.9:
  version "1.2.0"
  resolved "https://registry.yarnpkg.com/run-parallel/-/run-parallel-1.2.0.tgz#66d1368da7bdf921eb9d95bd1a9229e7f21a43ee"
  integrity sha512-5l4VyZR86LZ/lDxZTR6jqL8AFE2S0IFLMP26AbjsLVADxHdhB/c0GUsH+y39UfCi3dzz8OlQuPmnaJOMoDHQBA==
  dependencies:
    queue-microtask "^1.2.2"

"safer-buffer@>= 2.1.2 < 3.0.0":
  version "2.1.2"
  resolved "https://registry.yarnpkg.com/safer-buffer/-/safer-buffer-2.1.2.tgz#44fa161b0187b9549dd84bb91802f9bd8385cd6a"
  integrity sha512-YZo3K82SD7Riyi0E1EQPojLz7kpepnSQI9IyPbHHg1XXXevb5dJI7tpyN2ADxGcQbHG7vcyRHk0cbwqcQriUtg==

semver@^7.7.1:
  version "7.7.3"
  resolved "https://registry.yarnpkg.com/semver/-/semver-7.7.3.tgz#4b5f4143d007633a8dc671cd0a6ef9147b8bb946"
  integrity sha512-SdsKMrI9TdgjdweUSR9MweHA4EJ8YxHn8DFaDisvhVlUOe4BF1tLD7GAj0lIqWVl+dPb/rExr0Btby5loQm20Q==

signal-exit@^4.1.0:
  version "4.1.0"
  resolved "https://registry.yarnpkg.com/signal-exit/-/signal-exit-4.1.0.tgz#952188c1cbd546070e2dd20d0f41c0ae0530cb04"
  integrity sha512-bzyZ1e88w9O1iNJbKnOlvYTrWPDl46O1bG0D3XInv+9tkPrxrN8jUUTiFlDkkmKWgn1M6CfIA13SuGqOa9Korw==

slash@^5.1.0:
  version "5.1.0"
  resolved "https://registry.yarnpkg.com/slash/-/slash-5.1.0.tgz#be3adddcdf09ac38eebe8dcdc7b1a57a75b095ce"
  integrity sha512-ZA6oR3T/pEyuqwMgAKT0/hAv8oAXckzbkmR0UkUosQ+Mc4RxGoJkRmwHgHufaenlyAgE1Mxgpdcrf75y6XcnDg==

string-width@^4.2.3:
  version "4.2.3"
  resolved "https://registry.yarnpkg.com/string-width/-/string-width-4.2.3.tgz#269c7117d27b05ad2e536830a8ec895ef9c6d010"
  integrity sha512-wKyQRQpjJ0sIp62ErSZdGsjMJWsap5oRNihHhu6G7JVO/9jIB6UyevL+tXuOqrng8j/cxKTWyWUwvSTriiZz/g==
  dependencies:
    emoji-regex "^8.0.0"
    is-fullwidth-code-point "^3.0.0"
    strip-ansi "^6.0.1"

string-width@^7.0.0, string-width@^7.2.0:
  version "7.2.0"
  resolved "https://registry.yarnpkg.com/string-width/-/string-width-7.2.0.tgz#b5bb8e2165ce275d4d43476dd2700ad9091db6dc"
  integrity sha512-tsaTIkKW9b4N+AEj+SVA+WhJzV7/zMhcSu78mLKWSk7cXMOSHsBKFWUs0fWwq8QyK3MgJBQRX6Gbi4kYbdvGkQ==
  dependencies:
    emoji-regex "^10.3.0"
    get-east-asian-width "^1.0.0"
    strip-ansi "^7.1.0"

strip-ansi@^6.0.1:
  version "6.0.1"
  resolved "https://registry.yarnpkg.com/strip-ansi/-/strip-ansi-6.0.1.tgz#9e26c63d30f53443e9489495b2105d37b67a85d9"
  integrity sha512-Y38VPSHcqkFrCpFnQ9vuSXmquuv5oXOKpGeT6aGrr3o3Gc9AlVa6JBfUSOCnbxGGZF+/0ooI7KrPuUSztUdU5A==
  dependencies:
    ansi-regex "^5.0.1"

strip-ansi@^7.1.0:
  version "7.1.2"
  resolved "https://registry.yarnpkg.com/strip-ansi/-/strip-ansi-7.1.2.tgz#132875abde678c7ea8d691533f2e7e22bb744dba"
  integrity sha512-gmBGslpoQJtgnMAvOVqGZpEz9dyoKTCzy2nfz/n8aIFhN/jCE/rCmcxabB6jOOHV+0WNnylOxaxBQPSvcWklhA==
  dependencies:
    ansi-regex "^6.0.1"

tar@^7.5.2:
  version "7.5.6"
  resolved "https://registry.yarnpkg.com/tar/-/tar-7.5.6.tgz#2db7a210748a82f0a89cc31527b90d3a24984fb7"
  integrity sha512-xqUeu2JAIJpXyvskvU3uvQW8PAmHrtXp2KDuMJwQqW8Sqq0CaZBAQ+dKS3RBXVhU4wC5NjAdKrmh84241gO9cA==
  dependencies:
    "@isaacs/fs-minipass" "^4.0.0"
    chownr "^3.0.0"
    minipass "^7.1.2"
    minizlib "^3.1.0"
    yallist "^5.0.0"

temporal-polyfill@^0.3.0:
  version "0.3.0"
  resolved "https://registry.yarnpkg.com/temporal-polyfill/-/temporal-polyfill-0.3.0.tgz#7fe90e913ac5ec8e0d508fb50d04dd7a74cec23e"
  integrity sha512-qNsTkX9K8hi+FHDfHmf22e/OGuXmfBm9RqNismxBrnSmZVJKegQ+HYYXT+R7Ha8F/YSm2Y34vmzD4cxMu2u95g==
  dependencies:
    temporal-spec "0.3.0"

temporal-spec@0.3.0:
  version "0.3.0"
  resolved "https://registry.yarnpkg.com/temporal-spec/-/temporal-spec-0.3.0.tgz#8c4210c575fb28ba0a1c2e02ad68d1be5956a11f"
  integrity sha512-n+noVpIqz4hYgFSMOSiINNOUOMFtV5cZQNCmmszA6GiVFVRt3G7AqVyhXjhCSmowvQn+NsGn+jMDMKJYHd3bSQ==

to-regex-range@^5.0.1:
  version "5.0.1"
  resolved "https://registry.yarnpkg.com/to-regex-range/-/to-regex-range-5.0.1.tgz#1648c44aae7c8d988a326018ed72f5b4dd0392e4"
  integrity sha512-65P7iz6X5yEr1cwcgvQxbbIw7Uk3gOy5dIdtZ4rDveLqhrdJP+Li/Hx6tyK0NEb+2GCyneCMJiGqrADCSNk8sQ==
  dependencies:
    is-number "^7.0.0"

typescript@^5.5.4:
  version "5.9.3"
  resolved "https://registry.yarnpkg.com/typescript/-/typescript-5.9.3.tgz#5b4f59e15310ab17a216f5d6cf53ee476ede670f"
  integrity sha512-jl1vZzPDinLr9eUt3J/t7V6FgNEw9QjvBPdysz9KfQDD41fQrC2Y4vKQdiaUpFT4bXlb1RHhLpp8wtm6M5TgSw==

unicorn-magic@^0.4.0:
  version "0.4.0"
  resolved "https://registry.yarnpkg.com/unicorn-magic/-/unicorn-magic-0.4.0.tgz#78c6a090fd6d07abd2468b83b385603e00dfdb24"
  integrity sha512-wH590V9VNgYH9g3lH9wWjTrUoKsjLF6sGLjhR4sH1LWpLmCOH0Zf7PukhDA8BiS7KHe4oPNkcTHqYkj7SOGUOw==

vscode-jsonrpc@8.2.0:
  version "8.2.0"
  resolved "https://registry.yarnpkg.com/vscode-jsonrpc/-/vscode-jsonrpc-8.2.0.tgz#f43dfa35fb51e763d17cd94dcca0c9458f35abf9"
  integrity sha512-C+r0eKJUIfiDIfwJhria30+TYWPtuHJXHtI7J0YlOmKAo7ogxP20T0zxB7HZQIFhIyvoBPwWskjxrvAtfjyZfA==

vscode-languageserver-protocol@3.17.5:
  version "3.17.5"
  resolved "https://registry.yarnpkg.com/vscode-languageserver-protocol/-/vscode-languageserver-protocol-3.17.5.tgz#864a8b8f390835572f4e13bd9f8313d0e3ac4bea"
  integrity sha512-mb1bvRJN8SVznADSGWM9u/b07H7Ecg0I3OgXDuLdn307rl/J3A9YD6/eYOssqhecL27hK1IPZAsaqh00i/Jljg==
  dependencies:
    vscode-jsonrpc "8.2.0"
    vscode-languageserver-types "3.17.5"

vscode-languageserver-textdocument@~1.0.12:
  version "1.0.12"
  resolved "https://registry.yarnpkg.com/vscode-languageserver-textdocument/-/vscode-languageserver-textdocument-1.0.12.tgz#457ee04271ab38998a093c68c2342f53f6e4a631"
  integrity sha512-cxWNPesCnQCcMPeenjKKsOCKQZ/L6Tv19DTRIGuLWe32lyzWhihGVJ/rcckZXJxfdKCFvRLS3fpBIsV/ZGX4zA==

vscode-languageserver-types@3.17.5:
  version "3.17.5"
  resolved "https://registry.yarnpkg.com/vscode-languageserver-types/-/vscode-languageserver-types-3.17.5.tgz#3273676f0cf2eab40b3f44d085acbb7f08a39d8a"
  integrity sha512-Ld1VelNuX9pdF39h2Hgaeb5hEZM2Z3jUrrMgWQAu82jMtZp7p3vJT3BzToKtZI7NgQssZje5o0zryOrhQvzQAg==

vscode-languageserver@~9.0.1:
  version "9.0.1"
  resolved "https://registry.yarnpkg.com/vscode-languageserver/-/vscode-languageserver-9.0.1.tgz#500aef82097eb94df90d008678b0b6b5f474015b"
  integrity sha512-woByF3PDpkHFUreUa7Hos7+pUWdeWMXRd26+ZX2A8cFx6v/JPTtd4/uN0/jB6XQHYaOlHbio03NTHCqrgG5n7g==
  dependencies:
    vscode-languageserver-protocol "3.17.5"

wrap-ansi@^9.0.0, wrap-ansi@^9.0.2:
  version "9.0.2"
  resolved "https://registry.yarnpkg.com/wrap-ansi/-/wrap-ansi-9.0.2.tgz#956832dea9494306e6d209eb871643bb873d7c98"
  integrity sha512-42AtmgqjV+X1VpdOfyTGOYRi0/zsoLqtXQckTmqTeybT+BDIbM/Guxo7x3pE2vtpr1ok6xRqM9OpBe+Jyoqyww==
  dependencies:
    ansi-styles "^6.2.1"
    string-width "^7.0.0"
    strip-ansi "^7.1.0"

y18n@^5.0.5:
  version "5.0.8"
  resolved "https://registry.yarnpkg.com/y18n/-/y18n-5.0.8.tgz#7f4934d0f7ca8c56f95314939ddcd2dd91ce1d55"
  integrity sha512-0pfFzegeDWJHJIAmTLRP2DwHjdF5s7jo9tuztdQxAhINCdvS+3nGINqPd00AphqJR/0LhANUS6/+7SCb98YOfA==

yallist@^5.0.0:
  version "5.0.0"
  resolved "https://registry.yarnpkg.com/yallist/-/yallist-5.0.0.tgz#00e2de443639ed0d78fd87de0d27469fbcffb533"
  integrity sha512-YgvUTfwqyc7UXVMrB+SImsVYSmTS8X/tSrtdNZMImM+n7+QTriRXyXim0mBrTXNeqzVF0KWGgHPeiyViFFrNDw==

yaml@^2.8.0, yaml@~2.8.2:
  version "2.8.2"
  resolved "https://registry.yarnpkg.com/yaml/-/yaml-2.8.2.tgz#5694f25eca0ce9c3e7a9d9e00ce0ddabbd9e35c5"
  integrity sha512-mplynKqc1C2hTVYxd0PU2xQAc22TI1vShAYGksCCfxbn/dFwnHTNi1bvYsBTkhdUNtGIf5xNOg938rrSSYvS9A==

yargs-parser@^22.0.0:
  version "22.0.0"
  resolved "https://registry.yarnpkg.com/yargs-parser/-/yargs-parser-22.0.0.tgz#87b82094051b0567717346ecd00fd14804b357c8"
  integrity sha512-rwu/ClNdSMpkSrUb+d6BRsSkLUq1fmfsY6TOpYzTwvwkg1/NRG85KBy3kq++A8LKQwX6lsu+aWad+2khvuXrqw==

yargs@~18.0.0:
  version "18.0.0"
  resolved "https://registry.yarnpkg.com/yargs/-/yargs-18.0.0.tgz#6c84259806273a746b09f579087b68a3c2d25bd1"
  integrity sha512-4UEqdc2RYGHZc7Doyqkrqiln3p9X2DZVxaGbwhn2pi7MrRagKaOcIKe8L3OxYcbhXLgLFUS3zAYuQjKBQgmuNg==
  dependencies:
    cliui "^9.0.1"
    escalade "^3.1.1"
    get-caller-file "^2.0.5"
    string-width "^7.2.0"
    y18n "^5.0.5"
    yargs-parser "^22.0.0"

zod@^4.1.11:
  version "4.3.5"
  resolved "https://registry.yarnpkg.com/zod/-/zod-4.3.5.tgz#aeb269a6f9fc259b1212c348c7c5432aaa474d2a"
  integrity sha512-k7Nwx6vuWx1IJ9Bjuf4Zt1PEllcwe7cls3VNzm4CQ1/hgtFUK2bRNG3rvnpPUhFjmqJKAKtjV576KnUkHocg/g==
